
Microsoft Visual Studio Solution File, Format Version 12.00
# Visual Studio Version 17
VisualStudioVersion = 17.5.33516.290
MinimumVisualStudioVersion = 10.0.40219.1
Project("{FAE04EC0-301F-11D3-BF4B-00C04F79EFBC}") = "Appium_Test_1", "Appium_Test_1\Appium_Test_1.csproj", "{B53BBF6E-A95C-4775-8079-1DDF5427D7C6}"
EndProject
Global
	GlobalSection(SolutionConfigurationPlatforms) = preSolution
		Debug|Any CPU = Debug|Any CPU
		Release|Any CPU = Release|Any CPU
	EndGlobalSection
	GlobalSection(ProjectConfigurationPlatforms) = postSolution
		{B53BBF6E-A95C-4775-8079-1DDF5427D7C6}.Debug|Any CPU.ActiveCfg = Debug|Any CPU
		{B53BBF6E-A95C-4775-8079-1DDF5427D7C6}.Debug|Any CPU.Build.0 = Debug|Any CPU
		{B53BBF6E-A95C-4775-8079-1DDF5427D7C6}.Release|Any CPU.ActiveCfg = Release|Any CPU
		{B53BBF6E-A95C-4775-8079-1DDF5427D7C6}.Release|Any CPU.Build.0 = Release|Any CPU
	EndGlobalSection
	GlobalSection(SolutionProperties) = preSolution
		HideSolutionNode = FALSE
	EndGlobalSection
	GlobalSection(ExtensibilityGlobals) = postSolution
		SolutionGuid = {EB9A1E50-2921-411D-97B8-725CB7E1D5A0}
	EndGlobalSection
EndGlobal
